# This file is automatically @generated by Poetry 1.6.1 and should not be changed by hand.

[[package]]
name = "altgraph"
version = "0.17.3"
description = "Python graph (network) package"
optional = false
python-versions = "*"
files = [
    {file = "altgraph-0.17.3-py2.py3-none-any.whl", hash = "sha256:c8ac1ca6772207179ed8003ce7687757c04b0b71536f81e2ac5755c6226458fe"},
    {file = "altgraph-0.17.3.tar.gz", hash = "sha256:ad33358114df7c9416cdb8fa1eaa5852166c505118717021c6a8c7c7abbd03dd"},
]

[[package]]
name = "macholib"
version = "1.16.2"
description = "Mach-O header analysis and editing"
optional = false
python-versions = "*"
files = [
    {file = "macholib-1.16.2-py2.py3-none-any.whl", hash = "sha256:44c40f2cd7d6726af8fa6fe22549178d3a4dfecc35a9cd15ea916d9c83a688e0"},
    {file = "macholib-1.16.2.tar.gz", hash = "sha256:557bbfa1bb255c20e9abafe7ed6cd8046b48d9525db2f9b77d3122a63a2a8bf8"},
]

[package.dependencies]
altgraph = ">=0.17"

[[package]]
name = "pefile"
version = "2023.2.7"
description = "Python PE parsing module"
optional = false
python-versions = ">=3.6.0"
files = [
    {file = "pefile-2023.2.7-py3-none-any.whl", hash = "sha256:da185cd2af68c08a6cd4481f7325ed600a88f6a813bad9dea07ab3ef73d8d8d6"},
    {file = "pefile-2023.2.7.tar.gz", hash = "sha256:82e6114004b3d6911c77c3953e3838654b04511b8b66e8583db70c65998017dc"},
]

[[package]]
name = "pyinstaller"
version = "5.13.2"
description = "PyInstaller bundles a Python application and all its dependencies into a single package."
optional = false
python-versions = "<3.13,>=3.7"
files = [
    {file = "pyinstaller-5.13.2-py3-none-macosx_10_13_universal2.whl", hash = "sha256:16cbd66b59a37f4ee59373a003608d15df180a0d9eb1a29ff3bfbfae64b23d0f"},
    {file = "pyinstaller-5.13.2-py3-none-manylinux2014_aarch64.whl", hash = "sha256:8f6dd0e797ae7efdd79226f78f35eb6a4981db16c13325e962a83395c0ec7420"},
    {file = "pyinstaller-5.13.2-py3-none-manylinux2014_i686.whl", hash = "sha256:65133ed89467edb2862036b35d7c5ebd381670412e1e4361215e289c786dd4e6"},
    {file = "pyinstaller-5.13.2-py3-none-manylinux2014_ppc64le.whl", hash = "sha256:7d51734423685ab2a4324ab2981d9781b203dcae42839161a9ee98bfeaabdade"},
    {file = "pyinstaller-5.13.2-py3-none-manylinux2014_s390x.whl", hash = "sha256:2c2fe9c52cb4577a3ac39626b84cf16cf30c2792f785502661286184f162ae0d"},
    {file = "pyinstaller-5.13.2-py3-none-manylinux2014_x86_64.whl", hash = "sha256:c63ef6133eefe36c4b2f4daf4cfea3d6412ece2ca218f77aaf967e52a95ac9b8"},
    {file = "pyinstaller-5.13.2-py3-none-musllinux_1_1_aarch64.whl", hash = "sha256:aadafb6f213549a5906829bb252e586e2cf72a7fbdb5731810695e6516f0ab30"},
    {file = "pyinstaller-5.13.2-py3-none-musllinux_1_1_x86_64.whl", hash = "sha256:b2e1c7f5cceb5e9800927ddd51acf9cc78fbaa9e79e822c48b0ee52d9ce3c892"},
    {file = "pyinstaller-5.13.2-py3-none-win32.whl", hash = "sha256:421cd24f26144f19b66d3868b49ed673176765f92fa9f7914cd2158d25b6d17e"},
    {file = "pyinstaller-5.13.2-py3-none-win_amd64.whl", hash = "sha256:ddcc2b36052a70052479a9e5da1af067b4496f43686ca3cdda99f8367d0627e4"},
    {file = "pyinstaller-5.13.2-py3-none-win_arm64.whl", hash = "sha256:27cd64e7cc6b74c5b1066cbf47d75f940b71356166031deb9778a2579bb874c6"},
    {file = "pyinstaller-5.13.2.tar.gz", hash = "sha256:c8e5d3489c3a7cc5f8401c2d1f48a70e588f9967e391c3b06ddac1f685f8d5d2"},
]

[package.dependencies]
altgraph = "*"
macholib = {version = ">=1.8", markers = "sys_platform == \"darwin\""}
pefile = {version = ">=2022.5.30", markers = "sys_platform == \"win32\""}
pyinstaller-hooks-contrib = ">=2021.4"
pywin32-ctypes = {version = ">=0.2.1", markers = "sys_platform == \"win32\""}
setuptools = ">=42.0.0"

[package.extras]
encryption = ["tinyaes (>=1.0.0)"]
hook-testing = ["execnet (>=1.5.0)", "psutil", "pytest (>=2.7.3)"]

[[package]]
name = "pyinstaller-hooks-contrib"
version = "2023.8"
description = "Community maintained hooks for PyInstaller"
optional = false
python-versions = ">=3.7"
files = [
    {file = "pyinstaller-hooks-contrib-2023.8.tar.gz", hash = "sha256:318ccc316fb2b8c0bbdff2456b444bf1ce0e94cb3948a0f4dd48f6fc33d41c01"},
    {file = "pyinstaller_hooks_contrib-2023.8-py2.py3-none-any.whl", hash = "sha256:d091a52fbeed71cde0359aa9ad66288521a8441cfba163d9446606c5136c72a8"},
]

[[package]]
name = "pyside6"
version = "6.5.2"
description = "Python bindings for the Qt cross-platform application and UI framework"
optional = false
python-versions = "<3.12,>=3.7"
files = [
    {file = "PySide6-6.5.2-cp37-abi3-macosx_10_9_universal2.whl", hash = "sha256:b509e4d3ffde4a594d70000f881452643c9aaed800bad2959882075c01f72428"},
    {file = "PySide6-6.5.2-cp37-abi3-manylinux_2_28_x86_64.whl", hash = "sha256:e6d879ca0f8827a7866856fbedd08857e4bd8f9a858dc998dea10d1913e97938"},
    {file = "PySide6-6.5.2-cp37-abi3-win_amd64.whl", hash = "sha256:0356dc73c138c25b980d716e425801a61d4aa1d9f7811cf8a825499edfd4d1ae"},
    {file = "PySide6-6.5.2-pp39-pypy39_pp73-macosx_10_9_universal2.whl", hash = "sha256:f0944cb0da34dc3b0bb62c7a20b6618667760eccdaa4262a90ba7f64b19fb783"},
    {file = "PySide6-6.5.2-pp39-pypy39_pp73-manylinux_2_28_x86_64.whl", hash = "sha256:ca259b4377eb74e4c9cb74a2afb18c37658f0c83dc18229d1f325974739f6df2"},
    {file = "PySide6-6.5.2-pp39-pypy39_pp73-win_amd64.whl", hash = "sha256:ad82cb12f805c5bec7693d6f1c0d6e4ae4b9462eb368a81bc0d3091de8fae76e"},
]

[package.dependencies]
PySide6-Addons = "6.5.2"
PySide6-Essentials = "6.5.2"
shiboken6 = "6.5.2"

[[package]]
name = "pyside6-addons"
version = "6.5.2"
description = "Python bindings for the Qt cross-platform application and UI framework (Addons)"
optional = false
python-versions = "<3.12,>=3.7"
files = [
    {file = "PySide6_Addons-6.5.2-cp37-abi3-macosx_10_9_universal2.whl", hash = "sha256:a31cb7eca2e8cd80332e131124ed9ad197610a2a80eac4f2bd58e9124e38060a"},
    {file = "PySide6_Addons-6.5.2-cp37-abi3-manylinux_2_28_x86_64.whl", hash = "sha256:bea98d823179b814109dcf3ac6c8a0eddf886570aa9ef8ef09b6bae37bc227ca"},
    {file = "PySide6_Addons-6.5.2-cp37-abi3-win_amd64.whl", hash = "sha256:c77e06fd511cc8b9292c01724504d6806c33c1f5904bc59f5a8c560a74c15438"},
    {file = "PySide6_Addons-6.5.2-pp39-pypy39_pp73-macosx_10_9_universal2.whl", hash = "sha256:15bf592e54b3409853c3db23bdb20fb14725b84d50feee862e8b2a3a8a3a0627"},
    {file = "PySide6_Addons-6.5.2-pp39-pypy39_pp73-manylinux_2_28_x86_64.whl", hash = "sha256:26b55a658fed94a0b3c09927b408663860aca530bf6e83040dcb8fdcc221877d"},
    {file = "PySide6_Addons-6.5.2-pp39-pypy39_pp73-win_amd64.whl", hash = "sha256:793a53b7db32f7780fa9571a14f0bce3700604247127cdb2125b380c577a92eb"},
]

[package.dependencies]
PySide6-Essentials = "6.5.2"
shiboken6 = "6.5.2"

[[package]]
name = "pyside6-essentials"
version = "6.5.2"
description = "Python bindings for the Qt cross-platform application and UI framework (Essentials)"
optional = false
python-versions = "<3.12,>=3.7"
files = [
    {file = "PySide6_Essentials-6.5.2-cp37-abi3-macosx_10_9_universal2.whl", hash = "sha256:c9606de7afaee57f2c0861cc4b973bd630556dd38ec0d1542560cba81c27ab81"},
    {file = "PySide6_Essentials-6.5.2-cp37-abi3-manylinux_2_28_x86_64.whl", hash = "sha256:1620e82b38714a1570b142c01694d0415a25526517b24620ff9b00c9f76cfca9"},
    {file = "PySide6_Essentials-6.5.2-cp37-abi3-win_amd64.whl", hash = "sha256:e67b10f96f0ac5ed24d7e3c4985d37c70550a9dee6f38b127faf5e5341151665"},
    {file = "PySide6_Essentials-6.5.2-pp39-pypy39_pp73-macosx_10_9_universal2.whl", hash = "sha256:149f1db77d82f35c6a88a403f5297645ebe737df28e163ac4dc402dfa0b961ee"},
    {file = "PySide6_Essentials-6.5.2-pp39-pypy39_pp73-manylinux_2_28_x86_64.whl", hash = "sha256:4be6ed964cb863823f2788717b9a6ba8f1d94eb3fa2bf1584f4621ab5e021e27"},
    {file = "PySide6_Essentials-6.5.2-pp39-pypy39_pp73-win_amd64.whl", hash = "sha256:6b21cf78b33554f793d409d79b828d9578d34200c86f813ef1b8dac756589b71"},
]

[package.dependencies]
shiboken6 = "6.5.2"

[[package]]
name = "pywin32-ctypes"
version = "0.2.2"
description = "A (partial) reimplementation of pywin32 using ctypes/cffi"
optional = false
python-versions = ">=3.6"
files = [
    {file = "pywin32-ctypes-0.2.2.tar.gz", hash = "sha256:3426e063bdd5fd4df74a14fa3cf80a0b42845a87e1d1e81f6549f9daec593a60"},
    {file = "pywin32_ctypes-0.2.2-py3-none-any.whl", hash = "sha256:bf490a1a709baf35d688fe0ecf980ed4de11d2b3e37b51e5442587a75d9957e7"},
]

[[package]]
name = "setuptools"
version = "68.1.2"
description = "Easily download, build, install, upgrade, and uninstall Python packages"
optional = false
python-versions = ">=3.8"
files = [
    {file = "setuptools-68.1.2-py3-none-any.whl", hash = "sha256:3d8083eed2d13afc9426f227b24fd1659489ec107c0e86cec2ffdde5c92e790b"},
    {file = "setuptools-68.1.2.tar.gz", hash = "sha256:3d4dfa6d95f1b101d695a6160a7626e15583af71a5f52176efa5d39a054d475d"},
]

[package.extras]
docs = ["furo", "jaraco.packaging (>=9.3)", "jaraco.tidelift (>=1.4)", "pygments-github-lexers (==0.0.5)", "rst.linker (>=1.9)", "sphinx (>=3.5,<=7.1.2)", "sphinx-favicon", "sphinx-hoverxref (<2)", "sphinx-inline-tabs", "sphinx-lint", "sphinx-notfound-page (==0.8.3)", "sphinx-reredirects", "sphinxcontrib-towncrier"]
testing = ["build[virtualenv]", "filelock (>=3.4.0)", "flake8-2020", "ini2toml[lite] (>=0.9)", "jaraco.develop (>=7.21)", "jaraco.envs (>=2.2)", "jaraco.path (>=3.2.0)", "pip (>=19.1)", "pytest (>=6)", "pytest-black (>=0.3.7)", "pytest-checkdocs (>=2.4)", "pytest-cov", "pytest-enabler (>=2.2)", "pytest-mypy (>=0.9.1)", "pytest-perf", "pytest-ruff", "pytest-timeout", "pytest-xdist", "tomli-w (>=1.0.0)", "virtualenv (>=13.0.0)", "wheel"]
testing-integration = ["build[virtualenv]", "filelock (>=3.4.0)", "jaraco.envs (>=2.2)", "jaraco.path (>=3.2.0)", "pytest", "pytest-enabler", "pytest-xdist", "tomli", "virtualenv (>=13.0.0)", "wheel"]

[[package]]
name = "shiboken6"
version = "6.5.2"
description = "Python/C++ bindings helper module"
optional = false
python-versions = "<3.12,>=3.7"
files = [
    {file = "shiboken6-6.5.2-cp37-abi3-macosx_10_9_universal2.whl", hash = "sha256:ba7af130d34ea03e329baebd80982d2635aee7e58dbb07a07085509a501ed03f"},
    {file = "shiboken6-6.5.2-cp37-abi3-manylinux_2_28_x86_64.whl", hash = "sha256:3fbc35ff3c19e7d39433671bfc1be3d7fa9d071bfdd0ffe1c2a4d27acd6cf6a5"},
    {file = "shiboken6-6.5.2-cp37-abi3-win_amd64.whl", hash = "sha256:558bdb3b0ccc8aac5f9029eabfd6ad8d41f93a87cd7f54395e07732fce39280d"},
    {file = "shiboken6-6.5.2-pp39-pypy39_pp73-macosx_10_9_universal2.whl", hash = "sha256:4e073b40734a7f9cc6ac289c735362967bb45c34f591f7c0fab7cef1d62e6a66"},
    {file = "shiboken6-6.5.2-pp39-pypy39_pp73-manylinux_2_28_x86_64.whl", hash = "sha256:cc89759aabafce49b629b189ed7c81986fedaac695714a4eed1aaeb16783c6a9"},
    {file = "shiboken6-6.5.2-pp39-pypy39_pp73-win_amd64.whl", hash = "sha256:e60d8dd3292e3f87662b9e37ae5c558c519f8250da627c473b68bd8d24ed3243"},
]

[metadata]
lock-version = "2.0"
python-versions = ">=3.11,<3.12"
content-hash = "48770e17ac699a2abdf435efec66bb1f0cc2903ccffcbc7bd6dbe69eccbcd263"
